
Microsoft Visual Studio Solution File, Format Version 12.00
# Visual Studio 15
VisualStudioVersion = 15.0.27703.2035
MinimumVisualStudioVersion = 10.0.40219.1
Project("{FAE04EC0-301F-11D3-BF4B-00C04F79EFBC}") = "Parking.Entry", "Parking\Parking.Entry.csproj", "{38F9EEA4-0F89-4819-B4D7-B1D4C487AA8C}"
EndProject
Project("{FAE04EC0-301F-11D3-BF4B-00C04F79EFBC}") = "Parking.Database", "Parking.Database\Parking.Database.csproj", "{11341886-B081-4436-97C1-8F070EE65C31}"
EndProject
Project("{FAE04EC0-301F-11D3-BF4B-00C04F79EFBC}") = "Parking.PortCommunicate", "Parking.SerialPort\Parking.PortCommunicate.csproj", "{CBAD1054-CE00-4732-ABD0-D8478619A1E0}"
EndProject
Project("{FAE04EC0-301F-11D3-BF4B-00C04F79EFBC}") = "Parking.Interfaces", "Parking.Interfaces\Parking.Interfaces.csproj", "{D4DD30AB-03C0-4FE5-A541-BAF8B53F4F90}"
EndProject
Project("{FAE04EC0-301F-11D3-BF4B-00C04F79EFBC}") = "Parking.Common", "Parking.Common\Parking.Common.csproj", "{0606507D-1F91-45CD-89B2-8EF5DDEFE7EC}"
EndProject
Global
	GlobalSection(SolutionConfigurationPlatforms) = preSolution
		Debug|Any CPU = Debug|Any CPU
		Release|Any CPU = Release|Any CPU
	EndGlobalSection
	GlobalSection(ProjectConfigurationPlatforms) = postSolution
		{38F9EEA4-0F89-4819-B4D7-B1D4C487AA8C}.Debug|Any CPU.ActiveCfg = Debug|Any CPU
		{38F9EEA4-0F89-4819-B4D7-B1D4C487AA8C}.Debug|Any CPU.Build.0 = Debug|Any CPU
		{38F9EEA4-0F89-4819-B4D7-B1D4C487AA8C}.Release|Any CPU.ActiveCfg = Release|Any CPU
		{38F9EEA4-0F89-4819-B4D7-B1D4C487AA8C}.Release|Any CPU.Build.0 = Release|Any CPU
		{11341886-B081-4436-97C1-8F070EE65C31}.Debug|Any CPU.ActiveCfg = Debug|Any CPU
		{11341886-B081-4436-97C1-8F070EE65C31}.Debug|Any CPU.Build.0 = Debug|Any CPU
		{11341886-B081-4436-97C1-8F070EE65C31}.Release|Any CPU.ActiveCfg = Release|Any CPU
		{11341886-B081-4436-97C1-8F070EE65C31}.Release|Any CPU.Build.0 = Release|Any CPU
		{CBAD1054-CE00-4732-ABD0-D8478619A1E0}.Debug|Any CPU.ActiveCfg = Debug|Any CPU
		{CBAD1054-CE00-4732-ABD0-D8478619A1E0}.Debug|Any CPU.Build.0 = Debug|Any CPU
		{CBAD1054-CE00-4732-ABD0-D8478619A1E0}.Release|Any CPU.ActiveCfg = Release|Any CPU
		{CBAD1054-CE00-4732-ABD0-D8478619A1E0}.Release|Any CPU.Build.0 = Release|Any CPU
		{D4DD30AB-03C0-4FE5-A541-BAF8B53F4F90}.Debug|Any CPU.ActiveCfg = Debug|Any CPU
		{D4DD30AB-03C0-4FE5-A541-BAF8B53F4F90}.Debug|Any CPU.Build.0 = Debug|Any CPU
		{D4DD30AB-03C0-4FE5-A541-BAF8B53F4F90}.Release|Any CPU.ActiveCfg = Release|Any CPU
		{D4DD30AB-03C0-4FE5-A541-BAF8B53F4F90}.Release|Any CPU.Build.0 = Release|Any CPU
		{0606507D-1F91-45CD-89B2-8EF5DDEFE7EC}.Debug|Any CPU.ActiveCfg = Debug|Any CPU
		{0606507D-1F91-45CD-89B2-8EF5DDEFE7EC}.Debug|Any CPU.Build.0 = Debug|Any CPU
		{0606507D-1F91-45CD-89B2-8EF5DDEFE7EC}.Release|Any CPU.ActiveCfg = Release|Any CPU
		{0606507D-1F91-45CD-89B2-8EF5DDEFE7EC}.Release|Any CPU.Build.0 = Release|Any CPU
	EndGlobalSection
	GlobalSection(SolutionProperties) = preSolution
		HideSolutionNode = FALSE
	EndGlobalSection
	GlobalSection(ExtensibilityGlobals) = postSolution
		SolutionGuid = {2E4F4198-5A0E-47EA-ACC2-3B83432AC945}
	EndGlobalSection
EndGlobal
